
Microsoft Visual Studio Solution File, Format Version 12.00
# Visual Studio Version 17
VisualStudioVersion = 17.4.33110.190
MinimumVisualStudioVersion = 10.0.40219.1
Project("{FAE04EC0-301F-11D3-BF4B-00C04F79EFBC}") = "InventoryManagement", "InventoryManagement.csproj", "{66AF7A22-8F91-4DBA-B4FC-07BFBA209346}"
EndProject
Global
	GlobalSection(SolutionConfigurationPlatforms) = preSolution
		Debug|Any CPU = Debug|Any CPU
		Release|Any CPU = Release|Any CPU
	EndGlobalSection
	GlobalSection(ProjectConfigurationPlatforms) = postSolution
		{66AF7A22-8F91-4DBA-B4FC-07BFBA209346}.Debug|Any CPU.ActiveCfg = Debug|Any CPU
		{66AF7A22-8F91-4DBA-B4FC-07BFBA209346}.Debug|Any CPU.Build.0 = Debug|Any CPU
		{66AF7A22-8F91-4DBA-B4FC-07BFBA209346}.Release|Any CPU.ActiveCfg = Release|Any CPU
		{66AF7A22-8F91-4DBA-B4FC-07BFBA209346}.Release|Any CPU.Build.0 = Release|Any CPU
	EndGlobalSection
	GlobalSection(SolutionProperties) = preSolution
		HideSolutionNode = FALSE
	EndGlobalSection
	GlobalSection(ExtensibilityGlobals) = postSolution
		SolutionGuid = {1661AF4B-C130-4E17-8257-82349D7B1003}
	EndGlobalSection
EndGlobal
